
Microsoft Visual Studio Solution File, Format Version 12.00
# Visual Studio Version 16
VisualStudioVersion = 16.0.32510.428
MinimumVisualStudioVersion = 10.0.40219.1
Project("{FAE04EC0-301F-11D3-BF4B-00C04F79EFBC}") = "varoslista", "varoslista\varoslista.csproj", "{6B5D3885-CA7F-4606-8DD8-C9AB48BACC1A}"
EndProject
Global
	GlobalSection(SolutionConfigurationPlatforms) = preSolution
		Debug|Any CPU = Debug|Any CPU
		Release|Any CPU = Release|Any CPU
	EndGlobalSection
	GlobalSection(ProjectConfigurationPlatforms) = postSolution
		{6B5D3885-CA7F-4606-8DD8-C9AB48BACC1A}.Debug|Any CPU.ActiveCfg = Debug|Any CPU
		{6B5D3885-CA7F-4606-8DD8-C9AB48BACC1A}.Debug|Any CPU.Build.0 = Debug|Any CPU
		{6B5D3885-CA7F-4606-8DD8-C9AB48BACC1A}.Release|Any CPU.ActiveCfg = Release|Any CPU
		{6B5D3885-CA7F-4606-8DD8-C9AB48BACC1A}.Release|Any CPU.Build.0 = Release|Any CPU
	EndGlobalSection
	GlobalSection(SolutionProperties) = preSolution
		HideSolutionNode = FALSE
	EndGlobalSection
	GlobalSection(ExtensibilityGlobals) = postSolution
		SolutionGuid = {34BF3E93-196A-48B9-BB3F-DD9A97FCD223}
	EndGlobalSection
EndGlobal
