
Microsoft Visual Studio Solution File, Format Version 12.00
# Visual Studio Version 16
VisualStudioVersion = 16.0.32228.343
MinimumVisualStudioVersion = 10.0.40219.1
Project("{FAE04EC0-301F-11D3-BF4B-00C04F79EFBC}") = "Binaris", "Binaris\Binaris.csproj", "{6312EB83-AB31-4BEC-97CC-0CB507F7E949}"
EndProject
Global
	GlobalSection(SolutionConfigurationPlatforms) = preSolution
		Debug|Any CPU = Debug|Any CPU
		Release|Any CPU = Release|Any CPU
	EndGlobalSection
	GlobalSection(ProjectConfigurationPlatforms) = postSolution
		{6312EB83-AB31-4BEC-97CC-0CB507F7E949}.Debug|Any CPU.ActiveCfg = Debug|Any CPU
		{6312EB83-AB31-4BEC-97CC-0CB507F7E949}.Debug|Any CPU.Build.0 = Debug|Any CPU
		{6312EB83-AB31-4BEC-97CC-0CB507F7E949}.Release|Any CPU.ActiveCfg = Release|Any CPU
		{6312EB83-AB31-4BEC-97CC-0CB507F7E949}.Release|Any CPU.Build.0 = Release|Any CPU
	EndGlobalSection
	GlobalSection(SolutionProperties) = preSolution
		HideSolutionNode = FALSE
	EndGlobalSection
	GlobalSection(ExtensibilityGlobals) = postSolution
		SolutionGuid = {0531B84C-879D-4446-8458-71726615BFBB}
	EndGlobalSection
EndGlobal
