
Microsoft Visual Studio Solution File, Format Version 12.00
# Visual Studio Version 16
VisualStudioVersion = 16.0.31702.278
MinimumVisualStudioVersion = 10.0.40219.1
Project("{FAE04EC0-301F-11D3-BF4B-00C04F79EFBC}") = "hianyzas", "hianyzas\hianyzas.csproj", "{A5F7453E-B5A8-4E8A-B458-6EE9A7E6FB98}"
EndProject
Global
	GlobalSection(SolutionConfigurationPlatforms) = preSolution
		Debug|Any CPU = Debug|Any CPU
		Release|Any CPU = Release|Any CPU
	EndGlobalSection
	GlobalSection(ProjectConfigurationPlatforms) = postSolution
		{A5F7453E-B5A8-4E8A-B458-6EE9A7E6FB98}.Debug|Any CPU.ActiveCfg = Debug|Any CPU
		{A5F7453E-B5A8-4E8A-B458-6EE9A7E6FB98}.Debug|Any CPU.Build.0 = Debug|Any CPU
		{A5F7453E-B5A8-4E8A-B458-6EE9A7E6FB98}.Release|Any CPU.ActiveCfg = Release|Any CPU
		{A5F7453E-B5A8-4E8A-B458-6EE9A7E6FB98}.Release|Any CPU.Build.0 = Release|Any CPU
	EndGlobalSection
	GlobalSection(SolutionProperties) = preSolution
		HideSolutionNode = FALSE
	EndGlobalSection
	GlobalSection(ExtensibilityGlobals) = postSolution
		SolutionGuid = {B55C8543-FCF8-403D-B78D-2EE38A5097E0}
	EndGlobalSection
EndGlobal
