
Microsoft Visual Studio Solution File, Format Version 12.00
# Visual Studio Version 16
VisualStudioVersion = 16.0.31702.278
MinimumVisualStudioVersion = 10.0.40219.1
Project("{FAE04EC0-301F-11D3-BF4B-00C04F79EFBC}") = "c2", "c2\c2.csproj", "{0ADA790A-BF44-4D93-9935-63FD8C46F5BD}"
EndProject
Global
	GlobalSection(SolutionConfigurationPlatforms) = preSolution
		Debug|Any CPU = Debug|Any CPU
		Release|Any CPU = Release|Any CPU
	EndGlobalSection
	GlobalSection(ProjectConfigurationPlatforms) = postSolution
		{0ADA790A-BF44-4D93-9935-63FD8C46F5BD}.Debug|Any CPU.ActiveCfg = Debug|Any CPU
		{0ADA790A-BF44-4D93-9935-63FD8C46F5BD}.Debug|Any CPU.Build.0 = Debug|Any CPU
		{0ADA790A-BF44-4D93-9935-63FD8C46F5BD}.Release|Any CPU.ActiveCfg = Release|Any CPU
		{0ADA790A-BF44-4D93-9935-63FD8C46F5BD}.Release|Any CPU.Build.0 = Release|Any CPU
	EndGlobalSection
	GlobalSection(SolutionProperties) = preSolution
		HideSolutionNode = FALSE
	EndGlobalSection
	GlobalSection(ExtensibilityGlobals) = postSolution
		SolutionGuid = {9FCE30BC-B184-4858-BD47-94DB4D7C78A2}
	EndGlobalSection
EndGlobal
