
Microsoft Visual Studio Solution File, Format Version 12.00
# Visual Studio Version 16
VisualStudioVersion = 16.0.31702.278
MinimumVisualStudioVersion = 10.0.40219.1
Project("{FAE04EC0-301F-11D3-BF4B-00C04F79EFBC}") = "1feladat", "1feladat\1feladat.csproj", "{F379B63A-5790-4146-8C4B-4DDDD25988F1}"
EndProject
Global
	GlobalSection(SolutionConfigurationPlatforms) = preSolution
		Debug|Any CPU = Debug|Any CPU
		Release|Any CPU = Release|Any CPU
	EndGlobalSection
	GlobalSection(ProjectConfigurationPlatforms) = postSolution
		{F379B63A-5790-4146-8C4B-4DDDD25988F1}.Debug|Any CPU.ActiveCfg = Debug|Any CPU
		{F379B63A-5790-4146-8C4B-4DDDD25988F1}.Debug|Any CPU.Build.0 = Debug|Any CPU
		{F379B63A-5790-4146-8C4B-4DDDD25988F1}.Release|Any CPU.ActiveCfg = Release|Any CPU
		{F379B63A-5790-4146-8C4B-4DDDD25988F1}.Release|Any CPU.Build.0 = Release|Any CPU
	EndGlobalSection
	GlobalSection(SolutionProperties) = preSolution
		HideSolutionNode = FALSE
	EndGlobalSection
	GlobalSection(ExtensibilityGlobals) = postSolution
		SolutionGuid = {A055250B-8E3E-42A0-A7DC-F65F1BE7757B}
	EndGlobalSection
EndGlobal
