
Microsoft Visual Studio Solution File, Format Version 12.00
# Visual Studio Version 16
VisualStudioVersion = 16.0.31702.278
MinimumVisualStudioVersion = 10.0.40219.1
Project("{FAE04EC0-301F-11D3-BF4B-00C04F79EFBC}") = "Matrix4", "Matrix4\Matrix4.csproj", "{806BA0E2-3DF7-4FD7-9233-E25CD25402B7}"
EndProject
Global
	GlobalSection(SolutionConfigurationPlatforms) = preSolution
		Debug|Any CPU = Debug|Any CPU
		Release|Any CPU = Release|Any CPU
	EndGlobalSection
	GlobalSection(ProjectConfigurationPlatforms) = postSolution
		{806BA0E2-3DF7-4FD7-9233-E25CD25402B7}.Debug|Any CPU.ActiveCfg = Debug|Any CPU
		{806BA0E2-3DF7-4FD7-9233-E25CD25402B7}.Debug|Any CPU.Build.0 = Debug|Any CPU
		{806BA0E2-3DF7-4FD7-9233-E25CD25402B7}.Release|Any CPU.ActiveCfg = Release|Any CPU
		{806BA0E2-3DF7-4FD7-9233-E25CD25402B7}.Release|Any CPU.Build.0 = Release|Any CPU
	EndGlobalSection
	GlobalSection(SolutionProperties) = preSolution
		HideSolutionNode = FALSE
	EndGlobalSection
	GlobalSection(ExtensibilityGlobals) = postSolution
		SolutionGuid = {16FAD076-8F48-4F76-9DCA-AEA5EB3A5058}
	EndGlobalSection
EndGlobal
