
Microsoft Visual Studio Solution File, Format Version 12.00
# Visual Studio Version 16
VisualStudioVersion = 16.0.31702.278
MinimumVisualStudioVersion = 10.0.40219.1
Project("{FAE04EC0-301F-11D3-BF4B-00C04F79EFBC}") = "Allat", "Allat\Allat.csproj", "{615B49CF-CCE2-4EEE-A834-362262382F04}"
EndProject
Global
	GlobalSection(SolutionConfigurationPlatforms) = preSolution
		Debug|Any CPU = Debug|Any CPU
		Release|Any CPU = Release|Any CPU
	EndGlobalSection
	GlobalSection(ProjectConfigurationPlatforms) = postSolution
		{615B49CF-CCE2-4EEE-A834-362262382F04}.Debug|Any CPU.ActiveCfg = Debug|Any CPU
		{615B49CF-CCE2-4EEE-A834-362262382F04}.Debug|Any CPU.Build.0 = Debug|Any CPU
		{615B49CF-CCE2-4EEE-A834-362262382F04}.Release|Any CPU.ActiveCfg = Release|Any CPU
		{615B49CF-CCE2-4EEE-A834-362262382F04}.Release|Any CPU.Build.0 = Release|Any CPU
	EndGlobalSection
	GlobalSection(SolutionProperties) = preSolution
		HideSolutionNode = FALSE
	EndGlobalSection
	GlobalSection(ExtensibilityGlobals) = postSolution
		SolutionGuid = {31C012F9-3E2E-415D-AFEB-FA98752882F2}
	EndGlobalSection
EndGlobal
